{
  "name": "UsagePackageOne",
  "lockfileVersion": 3,
  "requires": true,
  "packages": {
    "": {
      "dependencies": {
        "simple-playwright-framework": "^0.0.20"
      },
      "devDependencies": {
        "@playwright/test": "^1.58.2",
        "@types/node": "^25.5.0",
        "playwright": "^1.58.2"
      }
    },
    "node_modules/@framework/fixtures": {
      "resolved": "node_modules/framework",
      "link": true
    },
    "node_modules/@playwright/test": {
      "version": "1.58.2",
      "dev": true,
      "license": "Apache-2.0",
      "dependencies": {
        "playwright": "1.58.2"
      },
      "bin": {
        "playwright": "cli.js"
      },
      "engines": {
        "node": ">=18"
      }
    },
    "node_modules/@types/node": {
      "version": "25.5.0",
      "dev": true,
      "license": "MIT",
      "dependencies": {
        "undici-types": "~7.18.0"
      }
    },
    "node_modules/framework": {},
    "node_modules/playwright": {
      "version": "1.58.2",
      "dev": true,
      "license": "Apache-2.0",
      "dependencies": {
        "playwright-core": "1.58.2"
      },
      "bin": {
        "playwright": "cli.js"
      },
      "engines": {
        "node": ">=18"
      },
      "optionalDependencies": {
        "fsevents": "2.3.2"
      }
    },
    "node_modules/playwright-core": {
      "version": "1.58.2",
      "dev": true,
      "license": "Apache-2.0",
      "bin": {
        "playwright-core": "cli.js"
      },
      "engines": {
        "node": ">=18"
      }
    },
    "node_modules/simple-playwright-framework": {
      "version": "0.0.20",
      "resolved": "https://registry.npmjs.org/simple-playwright-framework/-/simple-playwright-framework-0.0.20.tgz",
      "integrity": "sha512-XZdTm6je9IAU6q1OQlYMDWI4LcSQbdA1mlv1j13K4/mduzxctRFQH1lA7SGXsf00uzlxW+tLvTNBgKSueItBwQ==",
      "license": "MIT",
      "dependencies": {
        "@framework/fixtures": "file:../framework"
      },
      "bin": {
        "init-demo-project": "scripts/init-demo-project.js",
        "init-framework-project": "scripts/init-framework-project.js"
      }
    },
    "node_modules/undici-types": {
      "version": "7.18.2",
      "dev": true,
      "license": "MIT"
    }
  }
}
